// !$*UTF8*$!
{
	archiveVersion = 1;
	classes = {
	};
	objectVersion = 46;
	objects = {

/* Begin PBXBuildFile section */
		650E70861BAA68E80083E386 /* AppDelegate.swift in Sources */ = {isa = PBXBuildFile; fileRef = 650E70851BAA68E80083E386 /* AppDelegate.swift */; };
		650E70881BAA68E80083E386 /* ViewController.swift in Sources */ = {isa = PBXBuildFile; fileRef = 650E70871BAA68E80083E386 /* ViewController.swift */; };
		650E708B1BAA68E80083E386 /* Main.storyboard in Resources */ = {isa = PBXBuildFile; fileRef = 650E70891BAA68E80083E386 /* Main.storyboard */; };
		650E708D1BAA68E80083E386 /* Assets.xcassets in Resources */ = {isa = PBXBuildFile; fileRef = 650E708C1BAA68E80083E386 /* Assets.xcassets */; };
		650E70901BAA68E80083E386 /* LaunchScreen.storyboard in Resources */ = {isa = PBXBuildFile; fileRef = 650E708E1BAA68E80083E386 /* LaunchScreen.storyboard */; };
/* End PBXBuildFile section */

/* Begin PBXFileReference section */
		650E70821BAA68E80083E386 /* Safari Extension.app */ = {isa = PBXFileReference; explicitFileType = wrapper.application; includeInIndex = 0; path = "Safari Extension.app"; sourceTree = BUILT_PRODUCTS_DIR; };
		650E70851BAA68E80083E386 /* AppDelegate.swift */ = {isa = PBXFileReference; lastKnownFileType = sourcecode.swift; path = AppDelegate.swift; sourceTree = "<group>"; };
		650E70871BAA68E80083E386 /* ViewController.swift */ = {isa = PBXFileReference; lastKnownFileType = sourcecode.swift; path = ViewController.swift; sourceTree = "<group>"; };
		650E708A1BAA68E80083E386 /* Base */ = {isa = PBXFileReference; lastKnownFileType = file.storyboard; name = Base; path = Base.lproj/Main.storyboard; sourceTree = "<group>"; };
		650E708C1BAA68E80083E386 /* Assets.xcassets */ = {isa = PBXFileReference; lastKnownFileType = folder.assetcatalog; path = Assets.xcassets; sourceTree = "<group>"; };
		650E708F1BAA68E80083E386 /* Base */ = {isa = PBXFileReference; lastKnownFileType = file.storyboard; name = Base; path = Base.lproj/LaunchScreen.storyboard; sourceTree = "<group>"; };
		650E70911BAA68E80083E386 /* Info.plist */ = {isa = PBXFileReference; lastKnownFileType = text.plist.xml; path = Info.plist; sourceTree = "<group>"; };
/* End PBXFileReference section */

/* Begin PBXFrameworksBuildPhase section */
		650E707F1BAA68E80083E386 /* Frameworks */ = {
			isa = PBXFrameworksBuildPhase;
			buildActionMask = 2147483647;
			files = (
			);
			runOnlyForDeploymentPostprocessing = 0;
		};
/* End PBXFrameworksBuildPhase section */

/* Begin PBXGroup section */
		650E70791BAA68E80083E386 = {
			isa = PBXGroup;
			children = (
				650E70841BAA68E80083E386 /* Safari Extension */,
				650E70831BAA68E80083E386 /* Products */,
			);
			sourceTree = "<group>";
		};
		650E70831BAA68E80083E386 /* Products */ = {
			isa = PBXGroup;
			children = (
				650E70821BAA68E80083E386 /* Safari Extension.app */,
			);
			name = Products;
			sourceTree = "<group>";
		};
		650E70841BAA68E80083E386 /* Safari Extension */ = {
			isa = PBXGroup;
			children = (
				650E70851BAA68E80083E386 /* AppDelegate.swift */,
				650E70871BAA68E80083E386 /* ViewController.swift */,
				650E70891BAA68E80083E386 /* Main.storyboard */,
				650E708C1BAA68E80083E386 /* Assets.xcassets */,
				650E708E1BAA68E80083E386 /* LaunchScreen.storyboard */,
				650E70911BAA68E80083E386 /* Info.plist */,
			);
			path = "Safari Extension";
			sourceTree = "<group>";
		};
/* End PBXGroup section */

/* Begin PBXNativeTarget section */
		650E70811BAA68E80083E386 /* Safari Extension */ = {
			isa = PBXNativeTarget;
			buildConfigurationList = 650E70941BAA68E80083E386 /* Build configuration list for PBXNativeTarget "Safari Extension" */;
			buildPhases = (
				650E707E1BAA68E80083E386 /* Sources */,
				650E707F1BAA68E80083E386 /* Frameworks */,
				650E70801BAA68E80083E386 /* Resources */,
			);
			buildRules = (
			);
			dependencies = (
			);
			name = "Safari Extension";
			productName = "Safari Extension";
			productReference = 650E70821BAA68E80083E386 /* Safari Extension.app */;
			productType = "com.apple.product-type.application";
		};
/* End PBXNativeTarget section */

/* Begin PBXProject section */
		650E707A1BAA68E80083E386 /* Project object */ = {
			isa = PBXProject;
			attributes = {
				LastUpgradeCheck = 0700;
				ORGANIZATIONNAME = "Yohannes Wijaya";
				TargetAttributes = {
					650E70811BAA68E80083E386 = {
						CreatedOnToolsVersion = 7.0;
						DevelopmentTeam = 4Z5JKF2M6S;
					};
				};
			};
			buildConfigurationList = 650E707D1BAA68E80083E386 /* Build configuration list for PBXProject "Safari Extension" */;
			compatibilityVersion = "Xcode 3.2";
			developmentRegion = English;
			hasScannedForEncodings = 0;
			knownRegions = (
				en,
				Base,
			);
			mainGroup = 650E70791BAA68E80083E386;
			productRefGroup = 650E70831BAA68E80083E386 /* Products */;
			projectDirPath = "";
			projectRoot = "";
			targets = (
				650E70811BAA68E80083E386 /* Safari Extension */,
			);
		};
/* End PBXProject section */

/* Begin PBXResourcesBuildPhase section */
		650E70801BAA68E80083E386 /* Resources */ = {
			isa = PBXResourcesBuildPhase;
			buildActionMask = 2147483647;
			files = (
				650E70901BAA68E80083E386 /* LaunchScreen.storyboard in Resources */,
				650E708D1BAA68E80083E386 /* Assets.xcassets in Resources */,
				650E708B1BAA68E80083E386 /* Main.storyboard in Resources */,
			);
			runOnlyForDeploymentPostprocessing = 0;
		};
/* End PBXResourcesBuildPhase section */

/* Begin PBXSourcesBuildPhase section */
		650E707E1BAA68E80083E386 /* Sources */ = {
			isa = PBXSourcesBuildPhase;
			buildActionMask = 2147483647;
			files = (
				650E70881BAA68E80083E386 /* ViewController.swift in Sources */,
				650E70861BAA68E80083E386 /* AppDelegate.swift in Sources */,
			);
			runOnlyForDeploymentPostprocessing = 0;
		};
/* End PBXSourcesBuildPhase section */

/* Begin PBXVariantGroup section */
		650E70891BAA68E80083E386 /* Main.storyboard */ = {
			isa = PBXVariantGroup;
			children = (
				650E708A1BAA68E80083E386 /* Base */,
			);
			name = Main.storyboard;
			sourceTree = "<group>";
		};
		650E708E1BAA68E80083E386 /* LaunchScreen.storyboard */ = {
			isa = PBXVariantGroup;
			children = (
				650E708F1BAA68E80083E386 /* Base */,
			);
			name = LaunchScreen.storyboard;
			sourceTree = "<group>";
		};
/* End PBXVariantGroup section */

/* Begin XCBuildConfiguration section */
		650E70921BAA68E80083E386 /* Debug */ = {
			isa = XCBuildConfiguration;
			buildSettings = {
				ALWAYS_SEARCH_USER_PATHS = NO;
				CLANG_CXX_LANGUAGE_STANDARD = "gnu++0x";
				CLANG_CXX_LIBRARY = "libc++";
				CLANG_ENABLE_MODULES = YES;
				CLANG_ENABLE_OBJC_ARC = YES;
				CLANG_WARN_BOOL_CONVERSION = YES;
				CLANG_WARN_CONSTANT_CONVERSION = YES;
				CLANG_WARN_DIRECT_OBJC_ISA_USAGE = YES_ERROR;
				CLANG_WARN_EMPTY_BODY = YES;
				CLANG_WARN_ENUM_CONVERSION = YES;
				CLANG_WARN_INT_CONVERSION = YES;
				CLANG_WARN_OBJC_ROOT_CLASS = YES_ERROR;
				CLANG_WARN_UNREACHABLE_CODE = YES;
				CLANG_WARN__DUPLICATE_METHOD_MATCH = YES;
				"CODE_SIGN_IDENTITY[sdk=iphoneos*]" = "iPhone Developer";
				COPY_PHASE_STRIP = NO;
				DEBUG_INFORMATION_FORMAT = dwarf;
				ENABLE_STRICT_OBJC_MSGSEND = YES;
				ENABLE_TESTABILITY = YES;
				GCC_C_LANGUAGE_STANDARD = gnu99;
				GCC_DYNAMIC_NO_PIC = NO;
				GCC_NO_COMMON_BLOCKS = YES;
				GCC_OPTIMIZATION_LEVEL = 0;
				GCC_PREPROCESSOR_DEFINITIONS = (
					"DEBUG=1",
					"$(inherited)",
				);
				GCC_WARN_64_TO_32_BIT_CONVERSION = YES;
				GCC_WARN_ABOUT_RETURN_TYPE = YES_ERROR;
				GCC_WARN_UNDECLARED_SELECTOR = YES;
				GCC_WARN_UNINITIALIZED_AUTOS = YES_AGGRESSIVE;
				GCC_WARN_UNUSED_FUNCTION = YES;
				GCC_WARN_UNUSED_VARIABLE = YES;
				IPHONEOS_DEPLOYMENT_TARGET = 9.0;
				MTL_ENABLE_DEBUG_INFO = YES;
				ONLY_ACTIVE_ARCH = YES;
				SDKROOT = iphoneos;
				SWIFT_OPTIMIZATION_LEVEL = "-Onone";
			};
			name = Debug;
		};
		650E70931BAA68E80083E386 /* Release */ = {
			isa = XCBuildConfiguration;
			buildSettings = {
				ALWAYS_SEARCH_USER_PATHS = NO;
				CLANG_CXX_LANGUAGE_STANDARD = "gnu++0x";
				CLANG_CXX_LIBRARY = "libc++";
				CLANG_ENABLE_MODULES = YES;
				CLANG_ENABLE_OBJC_ARC = YES;
				CLANG_WARN_BOOL_CONVERSION = YES;
				CLANG_WARN_CONSTANT_CONVERSION = YES;
				CLANG_WARN_DIRECT_OBJC_ISA_USAGE = YES_ERROR;
				CLANG_WARN_EMPTY_BODY = YES;
				CLANG_WARN_ENUM_CONVERSION = YES;
				CLANG_WARN_INT_CONVERSION = YES;
				CLANG_WARN_OBJC_ROOT_CLASS = YES_ERROR;
				CLANG_WARN_UNREACHABLE_CODE = YES;
				CLANG_WARN__DUPLICATE_METHOD_MATCH = YES;
				"CODE_SIGN_IDENTITY[sdk=iphoneos*]" = "iPhone Developer";
				COPY_PHASE_STRIP = NO;
				DEBUG_INFORMATION_FORMAT = "dwarf-with-dsym";
				ENABLE_NS_ASSERTIONS = NO;
				ENABLE_STRICT_OBJC_MSGSEND = YES;
				GCC_C_LANGUAGE_STANDARD = gnu99;
				GCC_NO_COMMON_BLOCKS = YES;
				GCC_WARN_64_TO_32_BIT_CONVERSION = YES;
				GCC_WARN_ABOUT_RETURN_TYPE = YES_ERROR;
				GCC_WARN_UNDECLARED_SELECTOR = YES;
				GCC_WARN_UNINITIALIZED_AUTOS = YES_AGGRESSIVE;
				GCC_WARN_UNUSED_FUNCTION = YES;
				GCC_WARN_UNUSED_VARIABLE = YES;
				IPHONEOS_DEPLOYMENT_TARGET = 9.0;
				MTL_ENABLE_DEBUG_INFO = NO;
				SDKROOT = iphoneos;
				VALIDATE_PRODUCT = YES;
			};
			name = Release;
		};
		650E70951BAA68E80083E386 /* Debug */ = {
			isa = XCBuildConfiguration;
			buildSettings = {
				ASSETCATALOG_COMPILER_APPICON_NAME = AppIcon;
				INFOPLIST_FILE = "Safari Extension/Info.plist";
				LD_RUNPATH_SEARCH_PATHS = "$(inherited) @executable_path/Frameworks";
				PRODUCT_BUNDLE_IDENTIFIER = "org.example.Safari-Extension";
				PRODUCT_NAME = "$(TARGET_NAME)";
			};
			name = Debug;
		};
		650E70961BAA68E80083E386 /* Release */ = {
			isa = XCBuildConfiguration;
			buildSettings = {
				ASSETCATALOG_COMPILER_APPICON_NAME = AppIcon;
				INFOPLIST_FILE = "Safari Extension/Info.plist";
				LD_RUNPATH_SEARCH_PATHS = "$(inherited) @executable_path/Frameworks";
				PRODUCT_BUNDLE_IDENTIFIER = "org.example.Safari-Extension";
				PRODUCT_NAME = "$(TARGET_NAME)";
			};
			name = Release;
		};
/* End XCBuildConfiguration section */

/* Begin XCConfigurationList section */
		650E707D1BAA68E80083E386 /* Build configuration list for PBXProject "Safari Extension" */ = {
			isa = XCConfigurationList;
			buildConfigurations = (
				650E70921BAA68E80083E386 /* Debug */,
				650E70931BAA68E80083E386 /* Release */,
			);
			defaultConfigurationIsVisible = 0;
			defaultConfigurationName = Release;
		};
		650E70941BAA68E80083E386 /* Build configuration list for PBXNativeTarget "Safari Extension" */ = {
			isa = XCConfigurationList;
			buildConfigurations = (
				650E70951BAA68E80083E386 /* Debug */,
				650E70961BAA68E80083E386 /* Release */,
			);
			defaultConfigurationIsVisible = 0;
		};
/* End XCConfigurationList section */
	};
	rootObject = 650E707A1BAA68E80083E386 /* Project object */;
}
